
Microsoft Visual Studio Solution File, Format Version 12.00
# Visual Studio Version 17
VisualStudioVersion = 17.5.002.0
MinimumVisualStudioVersion = 10.0.40219.1
Project("{9A19103F-16F7-4668-BE54-9A1E7A4F7556}") = "Exo.WebApi", "Exo.WebApi.csproj", "{A049A240-74E3-4A3F-B280-D96C0FB99F62}"
EndProject
Global
	GlobalSection(SolutionConfigurationPlatforms) = preSolution
		Debug|Any CPU = Debug|Any CPU
		Release|Any CPU = Release|Any CPU
	EndGlobalSection
	GlobalSection(ProjectConfigurationPlatforms) = postSolution
		{A049A240-74E3-4A3F-B280-D96C0FB99F62}.Debug|Any CPU.ActiveCfg = Debug|Any CPU
		{A049A240-74E3-4A3F-B280-D96C0FB99F62}.Debug|Any CPU.Build.0 = Debug|Any CPU
		{A049A240-74E3-4A3F-B280-D96C0FB99F62}.Release|Any CPU.ActiveCfg = Release|Any CPU
		{A049A240-74E3-4A3F-B280-D96C0FB99F62}.Release|Any CPU.Build.0 = Release|Any CPU
	EndGlobalSection
	GlobalSection(SolutionProperties) = preSolution
		HideSolutionNode = FALSE
	EndGlobalSection
	GlobalSection(ExtensibilityGlobals) = postSolution
		SolutionGuid = {FD04170D-131A-45A8-8B86-87B12BB0BC8D}
	EndGlobalSection
EndGlobal
